
Microsoft Visual Studio Solution File, Format Version 12.00
# Visual Studio Version 17
VisualStudioVersion = 17.7.34018.315
MinimumVisualStudioVersion = 10.0.40219.1
Project("{9A19103F-16F7-4668-BE54-9A1E7A4F7556}") = "TftpSharp", "TftpSharp\TftpSharp.csproj", "{4B0BAE1A-6F8D-4897-AAF8-47EBA38D10BD}"
EndProject
Project("{9A19103F-16F7-4668-BE54-9A1E7A4F7556}") = "TestApp", "TestApp\TestApp.csproj", "{E897485F-9EA9-48A3-ACC5-4B91D242C713}"
EndProject
Project("{FAE04EC0-301F-11D3-BF4B-00C04F79EFBC}") = "TftpSharp.Tests", "TftpSharp.Tests\TftpSharp.Tests.csproj", "{CA492993-2504-4716-B48E-405EDF71B98A}"
EndProject
Global
	GlobalSection(SolutionConfigurationPlatforms) = preSolution
		Debug|Any CPU = Debug|Any CPU
		Release|Any CPU = Release|Any CPU
	EndGlobalSection
	GlobalSection(ProjectConfigurationPlatforms) = postSolution
		{4B0BAE1A-6F8D-4897-AAF8-47EBA38D10BD}.Debug|Any CPU.ActiveCfg = Debug|Any CPU
		{4B0BAE1A-6F8D-4897-AAF8-47EBA38D10BD}.Debug|Any CPU.Build.0 = Debug|Any CPU
		{4B0BAE1A-6F8D-4897-AAF8-47EBA38D10BD}.Release|Any CPU.ActiveCfg = Release|Any CPU
		{4B0BAE1A-6F8D-4897-AAF8-47EBA38D10BD}.Release|Any CPU.Build.0 = Release|Any CPU
		{E897485F-9EA9-48A3-ACC5-4B91D242C713}.Debug|Any CPU.ActiveCfg = Debug|Any CPU
		{E897485F-9EA9-48A3-ACC5-4B91D242C713}.Debug|Any CPU.Build.0 = Debug|Any CPU
		{E897485F-9EA9-48A3-ACC5-4B91D242C713}.Release|Any CPU.ActiveCfg = Release|Any CPU
		{E897485F-9EA9-48A3-ACC5-4B91D242C713}.Release|Any CPU.Build.0 = Release|Any CPU
		{CA492993-2504-4716-B48E-405EDF71B98A}.Debug|Any CPU.ActiveCfg = Debug|Any CPU
		{CA492993-2504-4716-B48E-405EDF71B98A}.Debug|Any CPU.Build.0 = Debug|Any CPU
		{CA492993-2504-4716-B48E-405EDF71B98A}.Release|Any CPU.ActiveCfg = Release|Any CPU
		{CA492993-2504-4716-B48E-405EDF71B98A}.Release|Any CPU.Build.0 = Release|Any CPU
	EndGlobalSection
	GlobalSection(SolutionProperties) = preSolution
		HideSolutionNode = FALSE
	EndGlobalSection
	GlobalSection(ExtensibilityGlobals) = postSolution
		SolutionGuid = {C7C0A198-D10A-49E0-98FB-662FD5AC236B}
	EndGlobalSection
EndGlobal
